Microsoft Visual Studio Solution File, Format Version 12.00
# Visual Studio 15
VisualStudioVersion = 15.0.27004.2009
MinimumVisualStudioVersion = 10.0.40219.1
Project("{9A19103F-16F7-4668-BE54-9A1E7A4F7556}") = "SharedCode.Core", "SharedCode.Core\SharedCode.Core.csproj", "{CFB955B6-F5CE-457A-B19B-DC65CE10BFE6}"
EndProject
Project("{2150E333-8FDC-42A3-9474-1A3956D46DE8}") = "Solution Items", "Solution Items", "{EB802F83-E581-4C4B-9B16-7D00D66C9329}"
	ProjectSection(SolutionItems) = preProject
		.gitattributes = .gitattributes
		.gitignore = .gitignore
		CHANGELOG.md = CHANGELOG.md
		CONTRIBUTING.md = CONTRIBUTING.md
		GCop.json = GCop.json
		ISSUE_TEMPLATE.md = ISSUE_TEMPLATE.md
		LICENSE = LICENSE
		README.md = README.md
	EndProjectSection
EndProject
Project("{FAE04EC0-301F-11D3-BF4B-00C04F79EFBC}") = "SharedCode.Windows.Forms", "SharedCode.Windows.Forms\SharedCode.Windows.Forms.csproj", "{9689C6B9-C0FA-4F41-BB19-9583A307A75C}"
EndProject
Project("{FAE04EC0-301F-11D3-BF4B-00C04F79EFBC}") = "SharedCode.Web", "SharedCode.Web\SharedCode.Web.csproj", "{92CBC7B6-FEBC-4FF4-A177-457E85F8C0D8}"
EndProject
Project("{FAE04EC0-301F-11D3-BF4B-00C04F79EFBC}") = "SharedCode.Windows", "SharedCode.Windows\SharedCode.Windows.csproj", "{52A7FB8A-6DDC-43D6-A4CC-2F65AD366AA4}"
EndProject
Project("{9A19103F-16F7-4668-BE54-9A1E7A4F7556}") = "SharedCode.Data", "SharedCode.Data\SharedCode.Data.csproj", "{F89F47C6-F4CF-4D0F-9ED7-8DBF41EF915D}"
EndProject
Project("{FAE04EC0-301F-11D3-BF4B-00C04F79EFBC}") = "SharedCode.Office", "SharedCode.Office\SharedCode.Office.csproj", "{F4F853CD-33AD-4778-8D48-67A5B5A968CE}"
EndProject
Project("{FAE04EC0-301F-11D3-BF4B-00C04F79EFBC}") = "SharedCode.Core.Tests", "SharedCode.Core.Tests\SharedCode.Core.Tests.csproj", "{E7A94348-A068-4408-BA40-2B605D131C89}"
EndProject
Global
	GlobalSection(SolutionConfigurationPlatforms) = preSolution
		Debug|Any CPU = Debug|Any CPU
		Release|Any CPU = Release|Any CPU
	EndGlobalSection
	GlobalSection(ProjectConfigurationPlatforms) = postSolution
		{CFB955B6-F5CE-457A-B19B-DC65CE10BFE6}.Debug|Any CPU.ActiveCfg = Debug|Any CPU
		{CFB955B6-F5CE-457A-B19B-DC65CE10BFE6}.Debug|Any CPU.Build.0 = Debug|Any CPU
		{CFB955B6-F5CE-457A-B19B-DC65CE10BFE6}.Release|Any CPU.ActiveCfg = Release|Any CPU
		{CFB955B6-F5CE-457A-B19B-DC65CE10BFE6}.Release|Any CPU.Build.0 = Release|Any CPU
		{9689C6B9-C0FA-4F41-BB19-9583A307A75C}.Debug|Any CPU.ActiveCfg = Debug|Any CPU
		{9689C6B9-C0FA-4F41-BB19-9583A307A75C}.Debug|Any CPU.Build.0 = Debug|Any CPU
		{9689C6B9-C0FA-4F41-BB19-9583A307A75C}.Release|Any CPU.ActiveCfg = Release|Any CPU
		{9689C6B9-C0FA-4F41-BB19-9583A307A75C}.Release|Any CPU.Build.0 = Release|Any CPU
		{92CBC7B6-FEBC-4FF4-A177-457E85F8C0D8}.Debug|Any CPU.ActiveCfg = Debug|Any CPU
		{92CBC7B6-FEBC-4FF4-A177-457E85F8C0D8}.Debug|Any CPU.Build.0 = Debug|Any CPU
		{92CBC7B6-FEBC-4FF4-A177-457E85F8C0D8}.Release|Any CPU.ActiveCfg = Release|Any CPU
		{92CBC7B6-FEBC-4FF4-A177-457E85F8C0D8}.Release|Any CPU.Build.0 = Release|Any CPU
		{52A7FB8A-6DDC-43D6-A4CC-2F65AD366AA4}.Debug|Any CPU.ActiveCfg = Debug|Any CPU
		{52A7FB8A-6DDC-43D6-A4CC-2F65AD366AA4}.Debug|Any CPU.Build.0 = Debug|Any CPU
		{52A7FB8A-6DDC-43D6-A4CC-2F65AD366AA4}.Release|Any CPU.ActiveCfg = Release|Any CPU
		{52A7FB8A-6DDC-43D6-A4CC-2F65AD366AA4}.Release|Any CPU.Build.0 = Release|Any CPU
		{F89F47C6-F4CF-4D0F-9ED7-8DBF41EF915D}.Debug|Any CPU.ActiveCfg = Debug|Any CPU
		{F89F47C6-F4CF-4D0F-9ED7-8DBF41EF915D}.Debug|Any CPU.Build.0 = Debug|Any CPU
		{F89F47C6-F4CF-4D0F-9ED7-8DBF41EF915D}.Release|Any CPU.ActiveCfg = Release|Any CPU
		{F89F47C6-F4CF-4D0F-9ED7-8DBF41EF915D}.Release|Any CPU.Build.0 = Release|Any CPU
		{F4F853CD-33AD-4778-8D48-67A5B5A968CE}.Debug|Any CPU.ActiveCfg = Debug|Any CPU
		{F4F853CD-33AD-4778-8D48-67A5B5A968CE}.Debug|Any CPU.Build.0 = Debug|Any CPU
		{F4F853CD-33AD-4778-8D48-67A5B5A968CE}.Release|Any CPU.ActiveCfg = Release|Any CPU
		{F4F853CD-33AD-4778-8D48-67A5B5A968CE}.Release|Any CPU.Build.0 = Release|Any CPU
		{E7A94348-A068-4408-BA40-2B605D131C89}.Debug|Any CPU.ActiveCfg = Debug|Any CPU
		{E7A94348-A068-4408-BA40-2B605D131C89}.Debug|Any CPU.Build.0 = Debug|Any CPU
		{E7A94348-A068-4408-BA40-2B605D131C89}.Release|Any CPU.ActiveCfg = Release|Any CPU
		{E7A94348-A068-4408-BA40-2B605D131C89}.Release|Any CPU.Build.0 = Release|Any CPU
	EndGlobalSection
	GlobalSection(SolutionProperties) = preSolution
		HideSolutionNode = FALSE
	EndGlobalSection
	GlobalSection(ExtensibilityGlobals) = postSolution
		SolutionGuid = {3CFA711F-19A2-4A9D-83C0-2FC9652E84D9}
	EndGlobalSection
EndGlobal
