Microsoft Visual Studio Solution File, Format Version 12.00
# Visual Studio 15
VisualStudioVersion = 15.0.27004.2006
MinimumVisualStudioVersion = 10.0.40219.1
Project("{9A19103F-16F7-4668-BE54-9A1E7A4F7556}") = "SharedCode.Core", "SharedCode.Core\SharedCode.Core.csproj", "{CFB955B6-F5CE-457A-B19B-DC65CE10BFE6}"
EndProject
Project("{2150E333-8FDC-42A3-9474-1A3956D46DE8}") = "Solution Items", "Solution Items", "{EB802F83-E581-4C4B-9B16-7D00D66C9329}"
	ProjectSection(SolutionItems) = preProject
		GCop.json = GCop.json
	EndProjectSection
EndProject
Project("{9A19103F-16F7-4668-BE54-9A1E7A4F7556}") = "SharedCode.Core.Tests", "SharedCode.Core.Tests\SharedCode.Core.Tests.csproj", "{9538F301-6640-43F9-AD52-504F1D20EFAD}"
EndProject
Project("{9A19103F-16F7-4668-BE54-9A1E7A4F7556}") = "SharedCode.Office", "SharedCode.Office\SharedCode.Office.csproj", "{F37AC001-5B55-4F74-9576-3A02C87FB8DC}"
EndProject
Project("{FAE04EC0-301F-11D3-BF4B-00C04F79EFBC}") = "SharedCode.Windows.Forms", "SharedCode.Windows.Forms\SharedCode.Windows.Forms.csproj", "{9689C6B9-C0FA-4F41-BB19-9583A307A75C}"
EndProject
Project("{FAE04EC0-301F-11D3-BF4B-00C04F79EFBC}") = "SharedCode.Web", "SharedCode.Web\SharedCode.Web.csproj", "{92CBC7B6-FEBC-4FF4-A177-457E85F8C0D8}"
EndProject
Project("{FAE04EC0-301F-11D3-BF4B-00C04F79EFBC}") = "SharedCode.Windows", "SharedCode.Windows\SharedCode.Windows.csproj", "{52A7FB8A-6DDC-43D6-A4CC-2F65AD366AA4}"
EndProject
Global
	GlobalSection(SolutionConfigurationPlatforms) = preSolution
		Debug|Any CPU = Debug|Any CPU
		Release|Any CPU = Release|Any CPU
	EndGlobalSection
	GlobalSection(ProjectConfigurationPlatforms) = postSolution
		{CFB955B6-F5CE-457A-B19B-DC65CE10BFE6}.Debug|Any CPU.ActiveCfg = Debug|Any CPU
		{CFB955B6-F5CE-457A-B19B-DC65CE10BFE6}.Debug|Any CPU.Build.0 = Debug|Any CPU
		{CFB955B6-F5CE-457A-B19B-DC65CE10BFE6}.Release|Any CPU.ActiveCfg = Release|Any CPU
		{CFB955B6-F5CE-457A-B19B-DC65CE10BFE6}.Release|Any CPU.Build.0 = Release|Any CPU
		{9538F301-6640-43F9-AD52-504F1D20EFAD}.Debug|Any CPU.ActiveCfg = Debug|Any CPU
		{9538F301-6640-43F9-AD52-504F1D20EFAD}.Debug|Any CPU.Build.0 = Debug|Any CPU
		{9538F301-6640-43F9-AD52-504F1D20EFAD}.Release|Any CPU.ActiveCfg = Release|Any CPU
		{9538F301-6640-43F9-AD52-504F1D20EFAD}.Release|Any CPU.Build.0 = Release|Any CPU
		{F37AC001-5B55-4F74-9576-3A02C87FB8DC}.Debug|Any CPU.ActiveCfg = Debug|Any CPU
		{F37AC001-5B55-4F74-9576-3A02C87FB8DC}.Debug|Any CPU.Build.0 = Debug|Any CPU
		{F37AC001-5B55-4F74-9576-3A02C87FB8DC}.Release|Any CPU.ActiveCfg = Release|Any CPU
		{F37AC001-5B55-4F74-9576-3A02C87FB8DC}.Release|Any CPU.Build.0 = Release|Any CPU
		{9689C6B9-C0FA-4F41-BB19-9583A307A75C}.Debug|Any CPU.ActiveCfg = Debug|Any CPU
		{9689C6B9-C0FA-4F41-BB19-9583A307A75C}.Debug|Any CPU.Build.0 = Debug|Any CPU
		{9689C6B9-C0FA-4F41-BB19-9583A307A75C}.Release|Any CPU.ActiveCfg = Release|Any CPU
		{9689C6B9-C0FA-4F41-BB19-9583A307A75C}.Release|Any CPU.Build.0 = Release|Any CPU
		{92CBC7B6-FEBC-4FF4-A177-457E85F8C0D8}.Debug|Any CPU.ActiveCfg = Debug|Any CPU
		{92CBC7B6-FEBC-4FF4-A177-457E85F8C0D8}.Debug|Any CPU.Build.0 = Debug|Any CPU
		{92CBC7B6-FEBC-4FF4-A177-457E85F8C0D8}.Release|Any CPU.ActiveCfg = Release|Any CPU
		{92CBC7B6-FEBC-4FF4-A177-457E85F8C0D8}.Release|Any CPU.Build.0 = Release|Any CPU
		{52A7FB8A-6DDC-43D6-A4CC-2F65AD366AA4}.Debug|Any CPU.ActiveCfg = Debug|Any CPU
		{52A7FB8A-6DDC-43D6-A4CC-2F65AD366AA4}.Debug|Any CPU.Build.0 = Debug|Any CPU
		{52A7FB8A-6DDC-43D6-A4CC-2F65AD366AA4}.Release|Any CPU.ActiveCfg = Release|Any CPU
		{52A7FB8A-6DDC-43D6-A4CC-2F65AD366AA4}.Release|Any CPU.Build.0 = Release|Any CPU
	EndGlobalSection
	GlobalSection(SolutionProperties) = preSolution
		HideSolutionNode = FALSE
	EndGlobalSection
	GlobalSection(ExtensibilityGlobals) = postSolution
		SolutionGuid = {3CFA711F-19A2-4A9D-83C0-2FC9652E84D9}
	EndGlobalSection
EndGlobal
